{
  "version": 4,
  "terraform_version": "1.9.8",
  "serial": 3,
  "lineage": "98ffc94c-c667-42c8-fc64-d334c0f72235",
  "outputs": {
    "instance_public_ip": {
      "value": "35.223.152.178",
      "type": "string"
    }
  },
  "resources": [
    {
      "module": "module.instances",
      "mode": "data",
      "type": "google_compute_image",
      "name": "ubuntu",
      "provider": "provider[\"registry.terraform.io/hashicorp/google\"]",
      "instances": [
        {
          "schema_version": 0,
          "attributes": {
            "archive_size_bytes": 3347304192,
            "creation_timestamp": "2024-11-15T15:59:05.901-08:00",
            "description": "Canonical, Ubuntu, 20.04 LTS, amd64 focal image built on 2024-11-15",
            "disk_size_gb": 10,
            "family": "ubuntu-2004-lts",
            "filter": null,
            "id": "projects/ubuntu-os-cloud/global/images/ubuntu-2004-focal-v20241115",
            "image_encryption_key_sha256": "",
            "image_id": "4751156868206452390",
            "label_fingerprint": "42WmSpB8rSM=",
            "labels": {},
            "licenses": [
              "https://www.googleapis.com/compute/v1/projects/ubuntu-os-cloud/global/licenses/ubuntu-2004-lts"
            ],
            "most_recent": false,
            "name": "ubuntu-2004-focal-v20241115",
            "project": "ubuntu-os-cloud",
            "self_link": "https://www.googleapis.com/compute/v1/projects/ubuntu-os-cloud/global/images/ubuntu-2004-focal-v20241115",
            "source_disk": "",
            "source_disk_encryption_key_sha256": "",
            "source_disk_id": "",
            "source_image_id": "",
            "status": "READY"
          },
          "sensitive_attributes": []
        }
      ]
    },
    {
      "module": "module.instances",
      "mode": "managed",
      "type": "google_compute_instance",
      "name": "linux_vm",
      "provider": "provider[\"registry.terraform.io/hashicorp/google\"]",
      "instances": [
        {
          "schema_version": 6,
          "attributes": {
            "advanced_machine_features": [],
            "allow_stopping_for_update": null,
            "attached_disk": [],
            "boot_disk": [
              {
                "auto_delete": true,
                "device_name": "persistent-disk-0",
                "disk_encryption_key_raw": "",
                "disk_encryption_key_sha256": "",
                "initialize_params": [
                  {
                    "enable_confidential_compute": false,
                    "image": "https://www.googleapis.com/compute/v1/projects/ubuntu-os-cloud/global/images/ubuntu-2004-focal-v20241115",
                    "labels": {},
                    "provisioned_iops": 0,
                    "provisioned_throughput": 0,
                    "resource_manager_tags": null,
                    "resource_policies": [],
                    "size": 10,
                    "storage_pool": "",
                    "type": "pd-standard"
                  }
                ],
                "interface": "",
                "kms_key_self_link": "",
                "mode": "READ_WRITE",
                "source": "https://www.googleapis.com/compute/v1/projects/devops-441911/zones/us-central1-a/disks/demo-vm1"
              }
            ],
            "can_ip_forward": false,
            "confidential_instance_config": [],
            "cpu_platform": "Intel Haswell",
            "creation_timestamp": "2024-11-16T04:24:07.674-08:00",
            "current_status": "RUNNING",
            "deletion_protection": false,
            "description": "",
            "desired_status": null,
            "effective_labels": {
              "goog-terraform-provisioned": "true"
            },
            "enable_display": false,
            "guest_accelerator": [],
            "hostname": "",
            "id": "projects/devops-441911/zones/us-central1-a/instances/demo-vm1",
            "instance_id": "7705722934787387402",
            "key_revocation_action_type": "",
            "label_fingerprint": "vezUS-42LLM=",
            "labels": null,
            "machine_type": "f1-micro",
            "metadata": {
              "ssh-keys": "shubh:ssh-rsa AAAAB3NzaC1yc2EAAAADAQABAAACAQDp2KuI5v3KWwJVFHaj9hBVC7RcfrWqwtzPMehbYkZPalfMNYn8N8bJ7Axboos3UOK2mz4ncY2oALnFqSFlkp3JcKbiQO5sV4UnQJZ0rDWMPxDYZ48VaCu7Shl7ykMsVqfr1E11J0wDY/zr9Dg0p49rne+3zE2737vF81UTsHEpHjVkittFL89WatpPcfpN4ETfjp2cAD3XTq5EmL7CCnKN7QxqhyKUb0DG9i2y+FVT5jPTu3jXpHtd3Qa/4kZH9McAQrtRPKUrIcHVE2gjfTTqibxhoNLvBqrog+h2NCGSFqEA52+wrEGTr1NXS47h5W9JeJNcDfXtSCMtSYFgVj/DBO1bhFPcqtEE1dcKDfri2iXdQvbFpMltT7iJ/6Hoeuoc0Rcsx8ei6xhsTfk94R9Dr+Git/JynPQ3nH7luLNK0vlXjehGE1JZwtULNqPkaPT1j1iCE5ysr/HJniQTce7/XrqGC4izPB6OxVu2lWBCCmUc8SbbcRAFvQMsb2Y+ktkYY45Rn9c6CYQoFCTMuFRyklLzBFej5jGqP4Knv7ExX6tA9wDeA0oziuzywgtRFTk7oPrFvbERUlfrHyzCXEqkNKlu92kC8IlmPiSp1iPYIy5YGvgcnLJ5DC1K2NYkaYHDfzSOzaxwVp5zfXDdNwqcwZIFIVwXLLDMu1qU/HerQw== shubh.gupta.mca@gmail.com\n"
            },
            "metadata_fingerprint": "nDctxRKL3Jo=",
            "metadata_startup_script": null,
            "min_cpu_platform": "",
            "name": "demo-vm1",
            "network_interface": [
              {
                "access_config": [
                  {
                    "nat_ip": "35.223.152.178",
                    "network_tier": "PREMIUM",
                    "public_ptr_domain_name": ""
                  }
                ],
                "alias_ip_range": [],
                "internal_ipv6_prefix_length": 0,
                "ipv6_access_config": [],
                "ipv6_access_type": "",
                "ipv6_address": "",
                "name": "nic0",
                "network": "https://www.googleapis.com/compute/v1/projects/devops-441911/global/networks/default",
                "network_ip": "10.128.0.2",
                "nic_type": "",
                "queue_count": 0,
                "stack_type": "IPV4_ONLY",
                "subnetwork": "https://www.googleapis.com/compute/v1/projects/devops-441911/regions/us-central1/subnetworks/default",
                "subnetwork_project": "devops-441911"
              }
            ],
            "network_performance_config": [],
            "params": [],
            "project": "devops-441911",
            "reservation_affinity": [],
            "resource_policies": null,
            "scheduling": [
              {
                "automatic_restart": true,
                "instance_termination_action": "",
                "local_ssd_recovery_timeout": [],
                "max_run_duration": [],
                "min_node_cpus": 0,
                "node_affinities": [],
                "on_host_maintenance": "MIGRATE",
                "on_instance_stop_action": [],
                "preemptible": false,
                "provisioning_model": "STANDARD"
              }
            ],
            "scratch_disk": [],
            "self_link": "https://www.googleapis.com/compute/v1/projects/devops-441911/zones/us-central1-a/instances/demo-vm1",
            "service_account": [],
            "shielded_instance_config": [
              {
                "enable_integrity_monitoring": true,
                "enable_secure_boot": false,
                "enable_vtpm": true
              }
            ],
            "tags": [
              "ssh"
            ],
            "tags_fingerprint": "pfSjJj1RiUg=",
            "terraform_labels": {
              "goog-terraform-provisioned": "true"
            },
            "timeouts": null,
            "zone": "us-central1-a"
          },
          "sensitive_attributes": [
            [
              {
                "type": "get_attr",
                "value": "boot_disk"
              },
              {
                "type": "index",
                "value": {
                  "value": 0,
                  "type": "number"
                }
              },
              {
                "type": "get_attr",
                "value": "disk_encryption_key_raw"
              }
            ]
          ],
          "private": "eyJlMmJmYjczMC1lY2FhLTExZTYtOGY4OC0zNDM2M2JjN2M0YzAiOnsiY3JlYXRlIjoxMjAwMDAwMDAwMDAwLCJkZWxldGUiOjEyMDAwMDAwMDAwMDAsInVwZGF0ZSI6MTIwMDAwMDAwMDAwMH0sInNjaGVtYV92ZXJzaW9uIjoiNiJ9",
          "dependencies": [
            "module.instances.data.google_compute_image.ubuntu"
          ]
        }
      ]
    },
    {
      "module": "module.network",
      "mode": "managed",
      "type": "google_compute_firewall",
      "name": "allow_ssh",
      "provider": "provider[\"registry.terraform.io/hashicorp/google\"]",
      "instances": [
        {
          "schema_version": 1,
          "attributes": {
            "allow": [
              {
                "ports": [
                  "22"
                ],
                "protocol": "tcp"
              }
            ],
            "creation_timestamp": "2024-11-16T04:24:05.823-08:00",
            "deny": [],
            "description": "",
            "destination_ranges": [],
            "direction": "INGRESS",
            "disabled": false,
            "enable_logging": null,
            "id": "projects/devops-441911/global/firewalls/allow-ssh",
            "log_config": [],
            "name": "allow-ssh",
            "network": "https://www.googleapis.com/compute/v1/projects/devops-441911/global/networks/default",
            "priority": 1000,
            "project": "devops-441911",
            "self_link": "https://www.googleapis.com/compute/v1/projects/devops-441911/global/firewalls/allow-ssh",
            "source_ranges": [
              "0.0.0.0/0"
            ],
            "source_service_accounts": null,
            "source_tags": null,
            "target_service_accounts": null,
            "target_tags": null,
            "timeouts": null
          },
          "sensitive_attributes": [],
          "private": "eyJlMmJmYjczMC1lY2FhLTExZTYtOGY4OC0zNDM2M2JjN2M0YzAiOnsiY3JlYXRlIjoxMjAwMDAwMDAwMDAwLCJkZWxldGUiOjEyMDAwMDAwMDAwMDAsInVwZGF0ZSI6MTIwMDAwMDAwMDAwMH0sInNjaGVtYV92ZXJzaW9uIjoiMSJ9"
        }
      ]
    }
  ],
  "check_results": null
}
